
Microsoft Visual Studio Solution File, Format Version 12.00
# Visual Studio Version 17
VisualStudioVersion = 17.3.32825.248
MinimumVisualStudioVersion = 10.0.40219.1
Project("{9A19103F-16F7-4668-BE54-9A1E7A4F7556}") = "NetworkLab2", "NetworkLab2\NetworkLab2.csproj", "{51D41A25-6903-4FFA-A5EA-6F167C876828}"
EndProject
Project("{FAE04EC0-301F-11D3-BF4B-00C04F79EFBC}") = "TcpClient", "TcpClient\TcpClient.csproj", "{4D5FD46A-1554-43F7-9DFD-89C0DBDE05F0}"
EndProject
Global
	GlobalSection(SolutionConfigurationPlatforms) = preSolution
		Debug|Any CPU = Debug|Any CPU
		Release|Any CPU = Release|Any CPU
	EndGlobalSection
	GlobalSection(ProjectConfigurationPlatforms) = postSolution
		{51D41A25-6903-4FFA-A5EA-6F167C876828}.Debug|Any CPU.ActiveCfg = Debug|Any CPU
		{51D41A25-6903-4FFA-A5EA-6F167C876828}.Debug|Any CPU.Build.0 = Debug|Any CPU
		{51D41A25-6903-4FFA-A5EA-6F167C876828}.Release|Any CPU.ActiveCfg = Release|Any CPU
		{51D41A25-6903-4FFA-A5EA-6F167C876828}.Release|Any CPU.Build.0 = Release|Any CPU
		{4D5FD46A-1554-43F7-9DFD-89C0DBDE05F0}.Debug|Any CPU.ActiveCfg = Debug|Any CPU
		{4D5FD46A-1554-43F7-9DFD-89C0DBDE05F0}.Debug|Any CPU.Build.0 = Debug|Any CPU
		{4D5FD46A-1554-43F7-9DFD-89C0DBDE05F0}.Release|Any CPU.ActiveCfg = Release|Any CPU
		{4D5FD46A-1554-43F7-9DFD-89C0DBDE05F0}.Release|Any CPU.Build.0 = Release|Any CPU
	EndGlobalSection
	GlobalSection(SolutionProperties) = preSolution
		HideSolutionNode = FALSE
	EndGlobalSection
	GlobalSection(ExtensibilityGlobals) = postSolution
		SolutionGuid = {28FF135D-CEF1-4F98-9203-FB1D4FD4CF0D}
	EndGlobalSection
EndGlobal
